
Microsoft Visual Studio Solution File, Format Version 11.00
# Visual Studio 2010
Project("{FAE04EC0-301F-11D3-BF4B-00C04F79EFBC}") = "Creat_classConnetion", "Creat_classConnetion\Creat_classConnetion.csproj", "{9630D1E2-4F65-4633-8AC2-426226D0D196}"
EndProject
Global
	GlobalSection(SolutionConfigurationPlatforms) = preSolution
		Debug|x86 = Debug|x86
		Release|x86 = Release|x86
	EndGlobalSection
	GlobalSection(ProjectConfigurationPlatforms) = postSolution
		{9630D1E2-4F65-4633-8AC2-426226D0D196}.Debug|x86.ActiveCfg = Debug|x86
		{9630D1E2-4F65-4633-8AC2-426226D0D196}.Debug|x86.Build.0 = Debug|x86
		{9630D1E2-4F65-4633-8AC2-426226D0D196}.Release|x86.ActiveCfg = Release|x86
		{9630D1E2-4F65-4633-8AC2-426226D0D196}.Release|x86.Build.0 = Release|x86
	EndGlobalSection
	GlobalSection(SolutionProperties) = preSolution
		HideSolutionNode = FALSE
	EndGlobalSection
EndGlobal
