
Microsoft Visual Studio Solution File, Format Version 11.00
# Visual Studio 2010
Project("{FAE04EC0-301F-11D3-BF4B-00C04F79EFBC}") = "Mode_Desconnecte", "Mode_Desconnecte\Mode_Desconnecte.csproj", "{507FD8BF-0946-4A71-8A5A-84A1CC8DE48B}"
EndProject
Global
	GlobalSection(SolutionConfigurationPlatforms) = preSolution
		Debug|x86 = Debug|x86
		Release|x86 = Release|x86
	EndGlobalSection
	GlobalSection(ProjectConfigurationPlatforms) = postSolution
		{507FD8BF-0946-4A71-8A5A-84A1CC8DE48B}.Debug|x86.ActiveCfg = Debug|x86
		{507FD8BF-0946-4A71-8A5A-84A1CC8DE48B}.Debug|x86.Build.0 = Debug|x86
		{507FD8BF-0946-4A71-8A5A-84A1CC8DE48B}.Release|x86.ActiveCfg = Release|x86
		{507FD8BF-0946-4A71-8A5A-84A1CC8DE48B}.Release|x86.Build.0 = Release|x86
	EndGlobalSection
	GlobalSection(SolutionProperties) = preSolution
		HideSolutionNode = FALSE
	EndGlobalSection
EndGlobal
